
Microsoft Visual Studio Solution File, Format Version 12.00
# Visual Studio Version 16
VisualStudioVersion = 16.0.29418.71
MinimumVisualStudioVersion = 10.0.40219.1
Project("{9A19103F-16F7-4668-BE54-9A1E7A4F7556}") = "XUnitTestAlgorithm", "XUnitTestAlgorithm\XUnitTestAlgorithm.csproj", "{0551FA75-4EA4-4C98-9F50-16167613B69B}"
EndProject
Project("{9A19103F-16F7-4668-BE54-9A1E7A4F7556}") = "Lesson1", "Lesson1\Lesson1.csproj", "{8F04BCD6-D020-4D0E-B155-DCA8F557B807}"
EndProject
Project("{9A19103F-16F7-4668-BE54-9A1E7A4F7556}") = "NET", "NET\NET.csproj", "{4E61DB21-5DD2-4EFE-B33E-6BE7ECC3CAFE}"
EndProject
Project("{FAE04EC0-301F-11D3-BF4B-00C04F79EFBC}") = "WebApi", "WebApi\WebApi.csproj", "{46C078A7-9220-4BEC-B490-628D53A72FCC}"
EndProject
Global
	GlobalSection(SolutionConfigurationPlatforms) = preSolution
		Debug|Any CPU = Debug|Any CPU
		Release|Any CPU = Release|Any CPU
	EndGlobalSection
	GlobalSection(ProjectConfigurationPlatforms) = postSolution
		{0551FA75-4EA4-4C98-9F50-16167613B69B}.Debug|Any CPU.ActiveCfg = Debug|Any CPU
		{0551FA75-4EA4-4C98-9F50-16167613B69B}.Debug|Any CPU.Build.0 = Debug|Any CPU
		{0551FA75-4EA4-4C98-9F50-16167613B69B}.Release|Any CPU.ActiveCfg = Release|Any CPU
		{0551FA75-4EA4-4C98-9F50-16167613B69B}.Release|Any CPU.Build.0 = Release|Any CPU
		{8F04BCD6-D020-4D0E-B155-DCA8F557B807}.Debug|Any CPU.ActiveCfg = Debug|Any CPU
		{8F04BCD6-D020-4D0E-B155-DCA8F557B807}.Debug|Any CPU.Build.0 = Debug|Any CPU
		{8F04BCD6-D020-4D0E-B155-DCA8F557B807}.Release|Any CPU.ActiveCfg = Release|Any CPU
		{8F04BCD6-D020-4D0E-B155-DCA8F557B807}.Release|Any CPU.Build.0 = Release|Any CPU
		{4E61DB21-5DD2-4EFE-B33E-6BE7ECC3CAFE}.Debug|Any CPU.ActiveCfg = Debug|Any CPU
		{4E61DB21-5DD2-4EFE-B33E-6BE7ECC3CAFE}.Debug|Any CPU.Build.0 = Debug|Any CPU
		{4E61DB21-5DD2-4EFE-B33E-6BE7ECC3CAFE}.Release|Any CPU.ActiveCfg = Release|Any CPU
		{4E61DB21-5DD2-4EFE-B33E-6BE7ECC3CAFE}.Release|Any CPU.Build.0 = Release|Any CPU
		{46C078A7-9220-4BEC-B490-628D53A72FCC}.Debug|Any CPU.ActiveCfg = Debug|Any CPU
		{46C078A7-9220-4BEC-B490-628D53A72FCC}.Debug|Any CPU.Build.0 = Debug|Any CPU
		{46C078A7-9220-4BEC-B490-628D53A72FCC}.Release|Any CPU.ActiveCfg = Release|Any CPU
		{46C078A7-9220-4BEC-B490-628D53A72FCC}.Release|Any CPU.Build.0 = Release|Any CPU
	EndGlobalSection
	GlobalSection(SolutionProperties) = preSolution
		HideSolutionNode = FALSE
	EndGlobalSection
	GlobalSection(ExtensibilityGlobals) = postSolution
		SolutionGuid = {554D1CA8-8CE0-4CA3-8F8F-71A18F22117C}
	EndGlobalSection
EndGlobal
